
Microsoft Visual Studio Solution File, Format Version 12.00
# Visual Studio 15
VisualStudioVersion = 15.0.28307.421
MinimumVisualStudioVersion = 10.0.40219.1
Project("{6EC3EE1D-3C4E-46DD-8F32-0CC8E7565705}") = "proto_analyzer", "proto_analyzer.fsproj", "{BF939FE2-622E-4197-A76F-72DACC7688B2}"
EndProject
Global
	GlobalSection(SolutionConfigurationPlatforms) = preSolution
		Debug|Any CPU = Debug|Any CPU
		Release|Any CPU = Release|Any CPU
	EndGlobalSection
	GlobalSection(ProjectConfigurationPlatforms) = postSolution
		{BF939FE2-622E-4197-A76F-72DACC7688B2}.Debug|Any CPU.ActiveCfg = Debug|Any CPU
		{BF939FE2-622E-4197-A76F-72DACC7688B2}.Debug|Any CPU.Build.0 = Debug|Any CPU
		{BF939FE2-622E-4197-A76F-72DACC7688B2}.Release|Any CPU.ActiveCfg = Release|Any CPU
		{BF939FE2-622E-4197-A76F-72DACC7688B2}.Release|Any CPU.Build.0 = Release|Any CPU
	EndGlobalSection
	GlobalSection(SolutionProperties) = preSolution
		HideSolutionNode = FALSE
	EndGlobalSection
	GlobalSection(ExtensibilityGlobals) = postSolution
		SolutionGuid = {559D0B24-8244-485B-8633-A8F35FEFA11E}
	EndGlobalSection
EndGlobal
